
Microsoft Visual Studio Solution File, Format Version 12.00
# Visual Studio 15
VisualStudioVersion = 15.0.33026.149
MinimumVisualStudioVersion = 10.0.40219.1
Project("{8BC9CEB8-8B4A-11D0-8D11-00A0C91BC942}") = "Gobang", "Gobang\Gobang.vcxproj", "{DB716C69-1F7C-485F-BE8B-B45FA2307827}"
EndProject
Global
	GlobalSection(SolutionConfigurationPlatforms) = preSolution
		Debug|x64 = Debug|x64
		Debug|x86 = Debug|x86
		Release|x64 = Release|x64
		Release|x86 = Release|x86
	EndGlobalSection
	GlobalSection(ProjectConfigurationPlatforms) = postSolution
		{DB716C69-1F7C-485F-BE8B-B45FA2307827}.Debug|x64.ActiveCfg = Debug|x64
		{DB716C69-1F7C-485F-BE8B-B45FA2307827}.Debug|x64.Build.0 = Debug|x64
		{DB716C69-1F7C-485F-BE8B-B45FA2307827}.Debug|x86.ActiveCfg = Debug|Win32
		{DB716C69-1F7C-485F-BE8B-B45FA2307827}.Debug|x86.Build.0 = Debug|Win32
		{DB716C69-1F7C-485F-BE8B-B45FA2307827}.Release|x64.ActiveCfg = Release|x64
		{DB716C69-1F7C-485F-BE8B-B45FA2307827}.Release|x64.Build.0 = Release|x64
		{DB716C69-1F7C-485F-BE8B-B45FA2307827}.Release|x86.ActiveCfg = Release|Win32
		{DB716C69-1F7C-485F-BE8B-B45FA2307827}.Release|x86.Build.0 = Release|Win32
	EndGlobalSection
	GlobalSection(SolutionProperties) = preSolution
		HideSolutionNode = FALSE
	EndGlobalSection
	GlobalSection(ExtensibilityGlobals) = postSolution
		SolutionGuid = {F898CC30-2D2C-4B24-9805-6AABE528C237}
	EndGlobalSection
EndGlobal
